// !$*UTF8*$!
{
	archiveVersion = 1;
	classes = {
	};
	objectVersion = 50;
	objects = {

/* Begin PBXBuildFile section */
		3503DA8A25AFAAD50016E164 /* CoffeeShopApp.swift in Sources */ = {isa = PBXBuildFile; fileRef = 3503DA8925AFAAD50016E164 /* CoffeeShopApp.swift */; };
		3503DA8E25AFAAD80016E164 /* Assets.xcassets in Resources */ = {isa = PBXBuildFile; fileRef = 3503DA8D25AFAAD80016E164 /* Assets.xcassets */; };
		3503DA9125AFAAD80016E164 /* Preview Assets.xcassets in Resources */ = {isa = PBXBuildFile; fileRef = 3503DA9025AFAAD80016E164 /* Preview Assets.xcassets */; };
		3503DA9C25AFAAD80016E164 /* CoffeeShopTests.swift in Sources */ = {isa = PBXBuildFile; fileRef = 3503DA9B25AFAAD80016E164 /* CoffeeShopTests.swift */; };
		3503DAA725AFAAD80016E164 /* CoffeeShopUITests.swift in Sources */ = {isa = PBXBuildFile; fileRef = 3503DAA625AFAAD80016E164 /* CoffeeShopUITests.swift */; };
		3503DAB925AFAAF00016E164 /* APIService.swift in Sources */ = {isa = PBXBuildFile; fileRef = 3503DAB825AFAAF00016E164 /* APIService.swift */; };
		3503DAD125AFAB760016E164 /* Location.swift in Sources */ = {isa = PBXBuildFile; fileRef = 3503DACC25AFAB760016E164 /* Location.swift */; };
		3503DAD225AFAB760016E164 /* Results.swift in Sources */ = {isa = PBXBuildFile; fileRef = 3503DACD25AFAB760016E164 /* Results.swift */; };
		3503DAD325AFAB760016E164 /* Venue.swift in Sources */ = {isa = PBXBuildFile; fileRef = 3503DACE25AFAB760016E164 /* Venue.swift */; };
		3503DAD425AFAB760016E164 /* Response.swift in Sources */ = {isa = PBXBuildFile; fileRef = 3503DACF25AFAB760016E164 /* Response.swift */; };
		3503DAD525AFAB760016E164 /* ImageResult.swift in Sources */ = {isa = PBXBuildFile; fileRef = 3503DAD025AFAB760016E164 /* ImageResult.swift */; };
		3503DADA25AFAB950016E164 /* Constants.swift in Sources */ = {isa = PBXBuildFile; fileRef = 3503DAD925AFAB950016E164 /* Constants.swift */; };
		3503DAE125AFAD470016E164 /* ListView.swift in Sources */ = {isa = PBXBuildFile; fileRef = 3503DAE025AFAD470016E164 /* ListView.swift */; };
		3503DAE925AFADA80016E164 /* ListItemView.swift in Sources */ = {isa = PBXBuildFile; fileRef = 3503DAE825AFADA80016E164 /* ListItemView.swift */; };
		3503DAF425AFB1660016E164 /* ListViewModel.swift in Sources */ = {isa = PBXBuildFile; fileRef = 3503DAF325AFB1660016E164 /* ListViewModel.swift */; };
/* End PBXBuildFile section */

/* Begin PBXContainerItemProxy section */
		3503DA9825AFAAD80016E164 /* PBXContainerItemProxy */ = {
			isa = PBXContainerItemProxy;
			containerPortal = 3503DA7E25AFAAD50016E164 /* Project object */;
			proxyType = 1;
			remoteGlobalIDString = 3503DA8525AFAAD50016E164;
			remoteInfo = CoffeeShop;
		};
		3503DAA325AFAAD80016E164 /* PBXContainerItemProxy */ = {
			isa = PBXContainerItemProxy;
			containerPortal = 3503DA7E25AFAAD50016E164 /* Project object */;
			proxyType = 1;
			remoteGlobalIDString = 3503DA8525AFAAD50016E164;
			remoteInfo = CoffeeShop;
		};
/* End PBXContainerItemProxy section */

/* Begin PBXFileReference section */
		3503DA8625AFAAD50016E164 /* CoffeeShop.app */ = {isa = PBXFileReference; explicitFileType = wrapper.application; includeInIndex = 0; path = CoffeeShop.app; sourceTree = BUILT_PRODUCTS_DIR; };
		3503DA8925AFAAD50016E164 /* CoffeeShopApp.swift */ = {isa = PBXFileReference; lastKnownFileType = sourcecode.swift; path = CoffeeShopApp.swift; sourceTree = "<group>"; };
		3503DA8D25AFAAD80016E164 /* Assets.xcassets */ = {isa = PBXFileReference; lastKnownFileType = folder.assetcatalog; path = Assets.xcassets; sourceTree = "<group>"; };
		3503DA9025AFAAD80016E164 /* Preview Assets.xcassets */ = {isa = PBXFileReference; lastKnownFileType = folder.assetcatalog; path = "Preview Assets.xcassets"; sourceTree = "<group>"; };
		3503DA9225AFAAD80016E164 /* Info.plist */ = {isa = PBXFileReference; lastKnownFileType = text.plist.xml; path = Info.plist; sourceTree = "<group>"; };
		3503DA9725AFAAD80016E164 /* CoffeeShopTests.xctest */ = {isa = PBXFileReference; explicitFileType = wrapper.cfbundle; includeInIndex = 0; path = CoffeeShopTests.xctest; sourceTree = BUILT_PRODUCTS_DIR; };
		3503DA9B25AFAAD80016E164 /* CoffeeShopTests.swift */ = {isa = PBXFileReference; lastKnownFileType = sourcecode.swift; path = CoffeeShopTests.swift; sourceTree = "<group>"; };
		3503DA9D25AFAAD80016E164 /* Info.plist */ = {isa = PBXFileReference; lastKnownFileType = text.plist.xml; path = Info.plist; sourceTree = "<group>"; };
		3503DAA225AFAAD80016E164 /* CoffeeShopUITests.xctest */ = {isa = PBXFileReference; explicitFileType = wrapper.cfbundle; includeInIndex = 0; path = CoffeeShopUITests.xctest; sourceTree = BUILT_PRODUCTS_DIR; };
		3503DAA625AFAAD80016E164 /* CoffeeShopUITests.swift */ = {isa = PBXFileReference; lastKnownFileType = sourcecode.swift; path = CoffeeShopUITests.swift; sourceTree = "<group>"; };
		3503DAA825AFAAD80016E164 /* Info.plist */ = {isa = PBXFileReference; lastKnownFileType = text.plist.xml; path = Info.plist; sourceTree = "<group>"; };
		3503DAB825AFAAF00016E164 /* APIService.swift */ = {isa = PBXFileReference; lastKnownFileType = sourcecode.swift; path = APIService.swift; sourceTree = "<group>"; };
		3503DACC25AFAB760016E164 /* Location.swift */ = {isa = PBXFileReference; fileEncoding = 4; lastKnownFileType = sourcecode.swift; path = Location.swift; sourceTree = "<group>"; };
		3503DACD25AFAB760016E164 /* Results.swift */ = {isa = PBXFileReference; fileEncoding = 4; lastKnownFileType = sourcecode.swift; path = Results.swift; sourceTree = "<group>"; };
		3503DACE25AFAB760016E164 /* Venue.swift */ = {isa = PBXFileReference; fileEncoding = 4; lastKnownFileType = sourcecode.swift; path = Venue.swift; sourceTree = "<group>"; };
		3503DACF25AFAB760016E164 /* Response.swift */ = {isa = PBXFileReference; fileEncoding = 4; lastKnownFileType = sourcecode.swift; path = Response.swift; sourceTree = "<group>"; };
		3503DAD025AFAB760016E164 /* ImageResult.swift */ = {isa = PBXFileReference; fileEncoding = 4; lastKnownFileType = sourcecode.swift; path = ImageResult.swift; sourceTree = "<group>"; };
		3503DAD925AFAB950016E164 /* Constants.swift */ = {isa = PBXFileReference; lastKnownFileType = sourcecode.swift; path = Constants.swift; sourceTree = "<group>"; };
		3503DAE025AFAD470016E164 /* ListView.swift */ = {isa = PBXFileReference; lastKnownFileType = sourcecode.swift; path = ListView.swift; sourceTree = "<group>"; };
		3503DAE825AFADA80016E164 /* ListItemView.swift */ = {isa = PBXFileReference; lastKnownFileType = sourcecode.swift; path = ListItemView.swift; sourceTree = "<group>"; };
		3503DAF325AFB1660016E164 /* ListViewModel.swift */ = {isa = PBXFileReference; lastKnownFileType = sourcecode.swift; path = ListViewModel.swift; sourceTree = "<group>"; };
/* End PBXFileReference section */

/* Begin PBXFrameworksBuildPhase section */
		3503DA8325AFAAD50016E164 /* Frameworks */ = {
			isa = PBXFrameworksBuildPhase;
			buildActionMask = 2147483647;
			files = (
			);
			runOnlyForDeploymentPostprocessing = 0;
		};
		3503DA9425AFAAD80016E164 /* Frameworks */ = {
			isa = PBXFrameworksBuildPhase;
			buildActionMask = 2147483647;
			files = (
			);
			runOnlyForDeploymentPostprocessing = 0;
		};
		3503DA9F25AFAAD80016E164 /* Frameworks */ = {
			isa = PBXFrameworksBuildPhase;
			buildActionMask = 2147483647;
			files = (
			);
			runOnlyForDeploymentPostprocessing = 0;
		};
/* End PBXFrameworksBuildPhase section */

/* Begin PBXGroup section */
		3503DA7D25AFAAD50016E164 = {
			isa = PBXGroup;
			children = (
				3503DA8825AFAAD50016E164 /* CoffeeShop */,
				3503DA9A25AFAAD80016E164 /* CoffeeShopTests */,
				3503DAA525AFAAD80016E164 /* CoffeeShopUITests */,
				3503DA8725AFAAD50016E164 /* Products */,
			);
			sourceTree = "<group>";
		};
		3503DA8725AFAAD50016E164 /* Products */ = {
			isa = PBXGroup;
			children = (
				3503DA8625AFAAD50016E164 /* CoffeeShop.app */,
				3503DA9725AFAAD80016E164 /* CoffeeShopTests.xctest */,
				3503DAA225AFAAD80016E164 /* CoffeeShopUITests.xctest */,
			);
			name = Products;
			sourceTree = "<group>";
		};
		3503DA8825AFAAD50016E164 /* CoffeeShop */ = {
			isa = PBXGroup;
			children = (
				3503DADF25AFAD3B0016E164 /* View */,
				3503DADE25AFABA60016E164 /* ViewModel */,
				3503DACB25AFAB600016E164 /* Model */,
				3503DAB725AFAAE40016E164 /* Service */,
				3503DA8925AFAAD50016E164 /* CoffeeShopApp.swift */,
				3503DA8D25AFAAD80016E164 /* Assets.xcassets */,
				3503DA9225AFAAD80016E164 /* Info.plist */,
				3503DA8F25AFAAD80016E164 /* Preview Content */,
			);
			path = CoffeeShop;
			sourceTree = "<group>";
		};
		3503DA8F25AFAAD80016E164 /* Preview Content */ = {
			isa = PBXGroup;
			children = (
				3503DA9025AFAAD80016E164 /* Preview Assets.xcassets */,
			);
			path = "Preview Content";
			sourceTree = "<group>";
		};
		3503DA9A25AFAAD80016E164 /* CoffeeShopTests */ = {
			isa = PBXGroup;
			children = (
				3503DA9B25AFAAD80016E164 /* CoffeeShopTests.swift */,
				3503DA9D25AFAAD80016E164 /* Info.plist */,
			);
			path = CoffeeShopTests;
			sourceTree = "<group>";
		};
		3503DAA525AFAAD80016E164 /* CoffeeShopUITests */ = {
			isa = PBXGroup;
			children = (
				3503DAA625AFAAD80016E164 /* CoffeeShopUITests.swift */,
				3503DAA825AFAAD80016E164 /* Info.plist */,
			);
			path = CoffeeShopUITests;
			sourceTree = "<group>";
		};
		3503DAB725AFAAE40016E164 /* Service */ = {
			isa = PBXGroup;
			children = (
				3503DAB825AFAAF00016E164 /* APIService.swift */,
				3503DAD925AFAB950016E164 /* Constants.swift */,
			);
			path = Service;
			sourceTree = "<group>";
		};
		3503DACB25AFAB600016E164 /* Model */ = {
			isa = PBXGroup;
			children = (
				3503DAD025AFAB760016E164 /* ImageResult.swift */,
				3503DACC25AFAB760016E164 /* Location.swift */,
				3503DACF25AFAB760016E164 /* Response.swift */,
				3503DACD25AFAB760016E164 /* Results.swift */,
				3503DACE25AFAB760016E164 /* Venue.swift */,
			);
			path = Model;
			sourceTree = "<group>";
		};
		3503DADE25AFABA60016E164 /* ViewModel */ = {
			isa = PBXGroup;
			children = (
				3503DAF325AFB1660016E164 /* ListViewModel.swift */,
			);
			path = ViewModel;
			sourceTree = "<group>";
		};
		3503DADF25AFAD3B0016E164 /* View */ = {
			isa = PBXGroup;
			children = (
				3503DAE025AFAD470016E164 /* ListView.swift */,
				3503DAE825AFADA80016E164 /* ListItemView.swift */,
			);
			path = View;
			sourceTree = "<group>";
		};
/* End PBXGroup section */

/* Begin PBXNativeTarget section */
		3503DA8525AFAAD50016E164 /* CoffeeShop */ = {
			isa = PBXNativeTarget;
			buildConfigurationList = 3503DAAB25AFAAD80016E164 /* Build configuration list for PBXNativeTarget "CoffeeShop" */;
			buildPhases = (
				3503DA8225AFAAD50016E164 /* Sources */,
				3503DA8325AFAAD50016E164 /* Frameworks */,
				3503DA8425AFAAD50016E164 /* Resources */,
			);
			buildRules = (
			);
			dependencies = (
			);
			name = CoffeeShop;
			productName = CoffeeShop;
			productReference = 3503DA8625AFAAD50016E164 /* CoffeeShop.app */;
			productType = "com.apple.product-type.application";
		};
		3503DA9625AFAAD80016E164 /* CoffeeShopTests */ = {
			isa = PBXNativeTarget;
			buildConfigurationList = 3503DAAE25AFAAD80016E164 /* Build configuration list for PBXNativeTarget "CoffeeShopTests" */;
			buildPhases = (
				3503DA9325AFAAD80016E164 /* Sources */,
				3503DA9425AFAAD80016E164 /* Frameworks */,
				3503DA9525AFAAD80016E164 /* Resources */,
			);
			buildRules = (
			);
			dependencies = (
				3503DA9925AFAAD80016E164 /* PBXTargetDependency */,
			);
			name = CoffeeShopTests;
			productName = CoffeeShopTests;
			productReference = 3503DA9725AFAAD80016E164 /* CoffeeShopTests.xctest */;
			productType = "com.apple.product-type.bundle.unit-test";
		};
		3503DAA125AFAAD80016E164 /* CoffeeShopUITests */ = {
			isa = PBXNativeTarget;
			buildConfigurationList = 3503DAB125AFAAD80016E164 /* Build configuration list for PBXNativeTarget "CoffeeShopUITests" */;
			buildPhases = (
				3503DA9E25AFAAD80016E164 /* Sources */,
				3503DA9F25AFAAD80016E164 /* Frameworks */,
				3503DAA025AFAAD80016E164 /* Resources */,
			);
			buildRules = (
			);
			dependencies = (
				3503DAA425AFAAD80016E164 /* PBXTargetDependency */,
			);
			name = CoffeeShopUITests;
			productName = CoffeeShopUITests;
			productReference = 3503DAA225AFAAD80016E164 /* CoffeeShopUITests.xctest */;
			productType = "com.apple.product-type.bundle.ui-testing";
		};
/* End PBXNativeTarget section */

/* Begin PBXProject section */
		3503DA7E25AFAAD50016E164 /* Project object */ = {
			isa = PBXProject;
			attributes = {
				LastSwiftUpdateCheck = 1230;
				LastUpgradeCheck = 1230;
				TargetAttributes = {
					3503DA8525AFAAD50016E164 = {
						CreatedOnToolsVersion = 12.3;
					};
					3503DA9625AFAAD80016E164 = {
						CreatedOnToolsVersion = 12.3;
						TestTargetID = 3503DA8525AFAAD50016E164;
					};
					3503DAA125AFAAD80016E164 = {
						CreatedOnToolsVersion = 12.3;
						TestTargetID = 3503DA8525AFAAD50016E164;
					};
				};
			};
			buildConfigurationList = 3503DA8125AFAAD50016E164 /* Build configuration list for PBXProject "CoffeeShop" */;
			compatibilityVersion = "Xcode 9.3";
			developmentRegion = en;
			hasScannedForEncodings = 0;
			knownRegions = (
				en,
				Base,
			);
			mainGroup = 3503DA7D25AFAAD50016E164;
			productRefGroup = 3503DA8725AFAAD50016E164 /* Products */;
			projectDirPath = "";
			projectRoot = "";
			targets = (
				3503DA8525AFAAD50016E164 /* CoffeeShop */,
				3503DA9625AFAAD80016E164 /* CoffeeShopTests */,
				3503DAA125AFAAD80016E164 /* CoffeeShopUITests */,
			);
		};
/* End PBXProject section */

/* Begin PBXResourcesBuildPhase section */
		3503DA8425AFAAD50016E164 /* Resources */ = {
			isa = PBXResourcesBuildPhase;
			buildActionMask = 2147483647;
			files = (
				3503DA9125AFAAD80016E164 /* Preview Assets.xcassets in Resources */,
				3503DA8E25AFAAD80016E164 /* Assets.xcassets in Resources */,
			);
			runOnlyForDeploymentPostprocessing = 0;
		};
		3503DA9525AFAAD80016E164 /* Resources */ = {
			isa = PBXResourcesBuildPhase;
			buildActionMask = 2147483647;
			files = (
			);
			runOnlyForDeploymentPostprocessing = 0;
		};
		3503DAA025AFAAD80016E164 /* Resources */ = {
			isa = PBXResourcesBuildPhase;
			buildActionMask = 2147483647;
			files = (
			);
			runOnlyForDeploymentPostprocessing = 0;
		};
/* End PBXResourcesBuildPhase section */

/* Begin PBXSourcesBuildPhase section */
		3503DA8225AFAAD50016E164 /* Sources */ = {
			isa = PBXSourcesBuildPhase;
			buildActionMask = 2147483647;
			files = (
				3503DAD325AFAB760016E164 /* Venue.swift in Sources */,
				3503DAE125AFAD470016E164 /* ListView.swift in Sources */,
				3503DAB925AFAAF00016E164 /* APIService.swift in Sources */,
				3503DAE925AFADA80016E164 /* ListItemView.swift in Sources */,
				3503DAD125AFAB760016E164 /* Location.swift in Sources */,
				3503DA8A25AFAAD50016E164 /* CoffeeShopApp.swift in Sources */,
				3503DAD225AFAB760016E164 /* Results.swift in Sources */,
				3503DAD525AFAB760016E164 /* ImageResult.swift in Sources */,
				3503DAD425AFAB760016E164 /* Response.swift in Sources */,
				3503DADA25AFAB950016E164 /* Constants.swift in Sources */,
				3503DAF425AFB1660016E164 /* ListViewModel.swift in Sources */,
			);
			runOnlyForDeploymentPostprocessing = 0;
		};
		3503DA9325AFAAD80016E164 /* Sources */ = {
			isa = PBXSourcesBuildPhase;
			buildActionMask = 2147483647;
			files = (
				3503DA9C25AFAAD80016E164 /* CoffeeShopTests.swift in Sources */,
			);
			runOnlyForDeploymentPostprocessing = 0;
		};
		3503DA9E25AFAAD80016E164 /* Sources */ = {
			isa = PBXSourcesBuildPhase;
			buildActionMask = 2147483647;
			files = (
				3503DAA725AFAAD80016E164 /* CoffeeShopUITests.swift in Sources */,
			);
			runOnlyForDeploymentPostprocessing = 0;
		};
/* End PBXSourcesBuildPhase section */

/* Begin PBXTargetDependency section */
		3503DA9925AFAAD80016E164 /* PBXTargetDependency */ = {
			isa = PBXTargetDependency;
			target = 3503DA8525AFAAD50016E164 /* CoffeeShop */;
			targetProxy = 3503DA9825AFAAD80016E164 /* PBXContainerItemProxy */;
		};
		3503DAA425AFAAD80016E164 /* PBXTargetDependency */ = {
			isa = PBXTargetDependency;
			target = 3503DA8525AFAAD50016E164 /* CoffeeShop */;
			targetProxy = 3503DAA325AFAAD80016E164 /* PBXContainerItemProxy */;
		};
/* End PBXTargetDependency section */

/* Begin XCBuildConfiguration section */
		3503DAA925AFAAD80016E164 /* Debug */ = {
			isa = XCBuildConfiguration;
			buildSettings = {
				ALWAYS_SEARCH_USER_PATHS = NO;
				CLANG_ANALYZER_NONNULL = YES;
				CLANG_ANALYZER_NUMBER_OBJECT_CONVERSION = YES_AGGRESSIVE;
				CLANG_CXX_LANGUAGE_STANDARD = "gnu++14";
				CLANG_CXX_LIBRARY = "libc++";
				CLANG_ENABLE_MODULES = YES;
				CLANG_ENABLE_OBJC_ARC = YES;
				CLANG_ENABLE_OBJC_WEAK = YES;
				CLANG_WARN_BLOCK_CAPTURE_AUTORELEASING = YES;
				CLANG_WARN_BOOL_CONVERSION = YES;
				CLANG_WARN_COMMA = YES;
				CLANG_WARN_CONSTANT_CONVERSION = YES;
				CLANG_WARN_DEPRECATED_OBJC_IMPLEMENTATIONS = YES;
				CLANG_WARN_DIRECT_OBJC_ISA_USAGE = YES_ERROR;
				CLANG_WARN_DOCUMENTATION_COMMENTS = YES;
				CLANG_WARN_EMPTY_BODY = YES;
				CLANG_WARN_ENUM_CONVERSION = YES;
				CLANG_WARN_INFINITE_RECURSION = YES;
				CLANG_WARN_INT_CONVERSION = YES;
				CLANG_WARN_NON_LITERAL_NULL_CONVERSION = YES;
				CLANG_WARN_OBJC_IMPLICIT_RETAIN_SELF = YES;
				CLANG_WARN_OBJC_LITERAL_CONVERSION = YES;
				CLANG_WARN_OBJC_ROOT_CLASS = YES_ERROR;
				CLANG_WARN_QUOTED_INCLUDE_IN_FRAMEWORK_HEADER = YES;
				CLANG_WARN_RANGE_LOOP_ANALYSIS = YES;
				CLANG_WARN_STRICT_PROTOTYPES = YES;
				CLANG_WARN_SUSPICIOUS_MOVE = YES;
				CLANG_WARN_UNGUARDED_AVAILABILITY = YES_AGGRESSIVE;
				CLANG_WARN_UNREACHABLE_CODE = YES;
				CLANG_WARN__DUPLICATE_METHOD_MATCH = YES;
				COPY_PHASE_STRIP = NO;
				DEBUG_INFORMATION_FORMAT = dwarf;
				ENABLE_STRICT_OBJC_MSGSEND = YES;
				ENABLE_TESTABILITY = YES;
				GCC_C_LANGUAGE_STANDARD = gnu11;
				GCC_DYNAMIC_NO_PIC = NO;
				GCC_NO_COMMON_BLOCKS = YES;
				GCC_OPTIMIZATION_LEVEL = 0;
				GCC_PREPROCESSOR_DEFINITIONS = (
					"DEBUG=1",
					"$(inherited)",
				);
				GCC_WARN_64_TO_32_BIT_CONVERSION = YES;
				GCC_WARN_ABOUT_RETURN_TYPE = YES_ERROR;
				GCC_WARN_UNDECLARED_SELECTOR = YES;
				GCC_WARN_UNINITIALIZED_AUTOS = YES_AGGRESSIVE;
				GCC_WARN_UNUSED_FUNCTION = YES;
				GCC_WARN_UNUSED_VARIABLE = YES;
				IPHONEOS_DEPLOYMENT_TARGET = 14.3;
				MTL_ENABLE_DEBUG_INFO = INCLUDE_SOURCE;
				MTL_FAST_MATH = YES;
				ONLY_ACTIVE_ARCH = YES;
				SDKROOT = iphoneos;
				SWIFT_ACTIVE_COMPILATION_CONDITIONS = DEBUG;
				SWIFT_OPTIMIZATION_LEVEL = "-Onone";
			};
			name = Debug;
		};
		3503DAAA25AFAAD80016E164 /* Release */ = {
			isa = XCBuildConfiguration;
			buildSettings = {
				ALWAYS_SEARCH_USER_PATHS = NO;
				CLANG_ANALYZER_NONNULL = YES;
				CLANG_ANALYZER_NUMBER_OBJECT_CONVERSION = YES_AGGRESSIVE;
				CLANG_CXX_LANGUAGE_STANDARD = "gnu++14";
				CLANG_CXX_LIBRARY = "libc++";
				CLANG_ENABLE_MODULES = YES;
				CLANG_ENABLE_OBJC_ARC = YES;
				CLANG_ENABLE_OBJC_WEAK = YES;
				CLANG_WARN_BLOCK_CAPTURE_AUTORELEASING = YES;
				CLANG_WARN_BOOL_CONVERSION = YES;
				CLANG_WARN_COMMA = YES;
				CLANG_WARN_CONSTANT_CONVERSION = YES;
				CLANG_WARN_DEPRECATED_OBJC_IMPLEMENTATIONS = YES;
				CLANG_WARN_DIRECT_OBJC_ISA_USAGE = YES_ERROR;
				CLANG_WARN_DOCUMENTATION_COMMENTS = YES;
				CLANG_WARN_EMPTY_BODY = YES;
				CLANG_WARN_ENUM_CONVERSION = YES;
				CLANG_WARN_INFINITE_RECURSION = YES;
				CLANG_WARN_INT_CONVERSION = YES;
				CLANG_WARN_NON_LITERAL_NULL_CONVERSION = YES;
				CLANG_WARN_OBJC_IMPLICIT_RETAIN_SELF = YES;
				CLANG_WARN_OBJC_LITERAL_CONVERSION = YES;
				CLANG_WARN_OBJC_ROOT_CLASS = YES_ERROR;
				CLANG_WARN_QUOTED_INCLUDE_IN_FRAMEWORK_HEADER = YES;
				CLANG_WARN_RANGE_LOOP_ANALYSIS = YES;
				CLANG_WARN_STRICT_PROTOTYPES = YES;
				CLANG_WARN_SUSPICIOUS_MOVE = YES;
				CLANG_WARN_UNGUARDED_AVAILABILITY = YES_AGGRESSIVE;
				CLANG_WARN_UNREACHABLE_CODE = YES;
				CLANG_WARN__DUPLICATE_METHOD_MATCH = YES;
				COPY_PHASE_STRIP = NO;
				DEBUG_INFORMATION_FORMAT = "dwarf-with-dsym";
				ENABLE_NS_ASSERTIONS = NO;
				ENABLE_STRICT_OBJC_MSGSEND = YES;
				GCC_C_LANGUAGE_STANDARD = gnu11;
				GCC_NO_COMMON_BLOCKS = YES;
				GCC_WARN_64_TO_32_BIT_CONVERSION = YES;
				GCC_WARN_ABOUT_RETURN_TYPE = YES_ERROR;
				GCC_WARN_UNDECLARED_SELECTOR = YES;
				GCC_WARN_UNINITIALIZED_AUTOS = YES_AGGRESSIVE;
				GCC_WARN_UNUSED_FUNCTION = YES;
				GCC_WARN_UNUSED_VARIABLE = YES;
				IPHONEOS_DEPLOYMENT_TARGET = 14.3;
				MTL_ENABLE_DEBUG_INFO = NO;
				MTL_FAST_MATH = YES;
				SDKROOT = iphoneos;
				SWIFT_COMPILATION_MODE = wholemodule;
				SWIFT_OPTIMIZATION_LEVEL = "-O";
				VALIDATE_PRODUCT = YES;
			};
			name = Release;
		};
		3503DAAC25AFAAD80016E164 /* Debug */ = {
			isa = XCBuildConfiguration;
			buildSettings = {
				ASSETCATALOG_COMPILER_APPICON_NAME = AppIcon;
				ASSETCATALOG_COMPILER_GLOBAL_ACCENT_COLOR_NAME = AccentColor;
				CODE_SIGN_STYLE = Automatic;
				DEVELOPMENT_ASSET_PATHS = "\"CoffeeShop/Preview Content\"";
				DEVELOPMENT_TEAM = 33N4W7X39J;
				ENABLE_PREVIEWS = YES;
				INFOPLIST_FILE = CoffeeShop/Info.plist;
				IPHONEOS_DEPLOYMENT_TARGET = 14.0;
				LD_RUNPATH_SEARCH_PATHS = (
					"$(inherited)",
					"@executable_path/Frameworks",
				);
				PRODUCT_BUNDLE_IDENTIFIER = com.enkhjargal.CoffeeShop;
				PRODUCT_NAME = "$(TARGET_NAME)";
				SWIFT_VERSION = 5.0;
				TARGETED_DEVICE_FAMILY = "1,2";
			};
			name = Debug;
		};
		3503DAAD25AFAAD80016E164 /* Release */ = {
			isa = XCBuildConfiguration;
			buildSettings = {
				ASSETCATALOG_COMPILER_APPICON_NAME = AppIcon;
				ASSETCATALOG_COMPILER_GLOBAL_ACCENT_COLOR_NAME = AccentColor;
				CODE_SIGN_STYLE = Automatic;
				DEVELOPMENT_ASSET_PATHS = "\"CoffeeShop/Preview Content\"";
				DEVELOPMENT_TEAM = 33N4W7X39J;
				ENABLE_PREVIEWS = YES;
				INFOPLIST_FILE = CoffeeShop/Info.plist;
				IPHONEOS_DEPLOYMENT_TARGET = 14.0;
				LD_RUNPATH_SEARCH_PATHS = (
					"$(inherited)",
					"@executable_path/Frameworks",
				);
				PRODUCT_BUNDLE_IDENTIFIER = com.enkhjargal.CoffeeShop;
				PRODUCT_NAME = "$(TARGET_NAME)";
				SWIFT_VERSION = 5.0;
				TARGETED_DEVICE_FAMILY = "1,2";
			};
			name = Release;
		};
		3503DAAF25AFAAD80016E164 /* Debug */ = {
			isa = XCBuildConfiguration;
			buildSettings = {
				ALWAYS_EMBED_SWIFT_STANDARD_LIBRARIES = YES;
				BUNDLE_LOADER = "$(TEST_HOST)";
				CODE_SIGN_STYLE = Automatic;
				DEVELOPMENT_TEAM = 33N4W7X39J;
				INFOPLIST_FILE = CoffeeShopTests/Info.plist;
				IPHONEOS_DEPLOYMENT_TARGET = 14.0;
				LD_RUNPATH_SEARCH_PATHS = (
					"$(inherited)",
					"@executable_path/Frameworks",
					"@loader_path/Frameworks",
				);
				PRODUCT_BUNDLE_IDENTIFIER = com.enkhjargal.CoffeeShopTests;
				PRODUCT_NAME = "$(TARGET_NAME)";
				SWIFT_VERSION = 5.0;
				TARGETED_DEVICE_FAMILY = "1,2";
				TEST_HOST = "$(BUILT_PRODUCTS_DIR)/CoffeeShop.app/CoffeeShop";
			};
			name = Debug;
		};
		3503DAB025AFAAD80016E164 /* Release */ = {
			isa = XCBuildConfiguration;
			buildSettings = {
				ALWAYS_EMBED_SWIFT_STANDARD_LIBRARIES = YES;
				BUNDLE_LOADER = "$(TEST_HOST)";
				CODE_SIGN_STYLE = Automatic;
				DEVELOPMENT_TEAM = 33N4W7X39J;
				INFOPLIST_FILE = CoffeeShopTests/Info.plist;
				IPHONEOS_DEPLOYMENT_TARGET = 14.0;
				LD_RUNPATH_SEARCH_PATHS = (
					"$(inherited)",
					"@executable_path/Frameworks",
					"@loader_path/Frameworks",
				);
				PRODUCT_BUNDLE_IDENTIFIER = com.enkhjargal.CoffeeShopTests;
				PRODUCT_NAME = "$(TARGET_NAME)";
				SWIFT_VERSION = 5.0;
				TARGETED_DEVICE_FAMILY = "1,2";
				TEST_HOST = "$(BUILT_PRODUCTS_DIR)/CoffeeShop.app/CoffeeShop";
			};
			name = Release;
		};
		3503DAB225AFAAD80016E164 /* Debug */ = {
			isa = XCBuildConfiguration;
			buildSettings = {
				ALWAYS_EMBED_SWIFT_STANDARD_LIBRARIES = YES;
				CODE_SIGN_STYLE = Automatic;
				DEVELOPMENT_TEAM = 33N4W7X39J;
				INFOPLIST_FILE = CoffeeShopUITests/Info.plist;
				LD_RUNPATH_SEARCH_PATHS = (
					"$(inherited)",
					"@executable_path/Frameworks",
					"@loader_path/Frameworks",
				);
				PRODUCT_BUNDLE_IDENTIFIER = com.enkhjargal.CoffeeShopUITests;
				PRODUCT_NAME = "$(TARGET_NAME)";
				SWIFT_VERSION = 5.0;
				TARGETED_DEVICE_FAMILY = "1,2";
				TEST_TARGET_NAME = CoffeeShop;
			};
			name = Debug;
		};
		3503DAB325AFAAD80016E164 /* Release */ = {
			isa = XCBuildConfiguration;
			buildSettings = {
				ALWAYS_EMBED_SWIFT_STANDARD_LIBRARIES = YES;
				CODE_SIGN_STYLE = Automatic;
				DEVELOPMENT_TEAM = 33N4W7X39J;
				INFOPLIST_FILE = CoffeeShopUITests/Info.plist;
				LD_RUNPATH_SEARCH_PATHS = (
					"$(inherited)",
					"@executable_path/Frameworks",
					"@loader_path/Frameworks",
				);
				PRODUCT_BUNDLE_IDENTIFIER = com.enkhjargal.CoffeeShopUITests;
				PRODUCT_NAME = "$(TARGET_NAME)";
				SWIFT_VERSION = 5.0;
				TARGETED_DEVICE_FAMILY = "1,2";
				TEST_TARGET_NAME = CoffeeShop;
			};
			name = Release;
		};
/* End XCBuildConfiguration section */

/* Begin XCConfigurationList section */
		3503DA8125AFAAD50016E164 /* Build configuration list for PBXProject "CoffeeShop" */ = {
			isa = XCConfigurationList;
			buildConfigurations = (
				3503DAA925AFAAD80016E164 /* Debug */,
				3503DAAA25AFAAD80016E164 /* Release */,
			);
			defaultConfigurationIsVisible = 0;
			defaultConfigurationName = Release;
		};
		3503DAAB25AFAAD80016E164 /* Build configuration list for PBXNativeTarget "CoffeeShop" */ = {
			isa = XCConfigurationList;
			buildConfigurations = (
				3503DAAC25AFAAD80016E164 /* Debug */,
				3503DAAD25AFAAD80016E164 /* Release */,
			);
			defaultConfigurationIsVisible = 0;
			defaultConfigurationName = Release;
		};
		3503DAAE25AFAAD80016E164 /* Build configuration list for PBXNativeTarget "CoffeeShopTests" */ = {
			isa = XCConfigurationList;
			buildConfigurations = (
				3503DAAF25AFAAD80016E164 /* Debug */,
				3503DAB025AFAAD80016E164 /* Release */,
			);
			defaultConfigurationIsVisible = 0;
			defaultConfigurationName = Release;
		};
		3503DAB125AFAAD80016E164 /* Build configuration list for PBXNativeTarget "CoffeeShopUITests" */ = {
			isa = XCConfigurationList;
			buildConfigurations = (
				3503DAB225AFAAD80016E164 /* Debug */,
				3503DAB325AFAAD80016E164 /* Release */,
			);
			defaultConfigurationIsVisible = 0;
			defaultConfigurationName = Release;
		};
/* End XCConfigurationList section */
	};
	rootObject = 3503DA7E25AFAAD50016E164 /* Project object */;
}
